// !$*UTF8*$!
{
	archiveVersion = 1;
	classes = {
	};
	objectVersion = 46;
	objects = {

/* Begin PBXBuildFile section */
		451C93B21D031D9200C5F640 /* UserInteractionState.swift in Sources */ = {isa = PBXBuildFile; fileRef = 451C93B11D031D9200C5F640 /* UserInteractionState.swift */; };
		451C93BB1D03202F00C5F640 /* MainWindowController.swift in Sources */ = {isa = PBXBuildFile; fileRef = 451C93BA1D03202F00C5F640 /* MainWindowController.swift */; };
		451C93BF1D033B0000C5F640 /* UtilityExtensions.swift in Sources */ = {isa = PBXBuildFile; fileRef = 451C93BE1D033B0000C5F640 /* UtilityExtensions.swift */; };
		451C93E71D0359FE00C5F640 /* DTOSummary.swift in Sources */ = {isa = PBXBuildFile; fileRef = 451C93DF1D0359FE00C5F640 /* DTOSummary.swift */; };
		451C93E81D0359FE00C5F640 /* DTOAuthor.swift in Sources */ = {isa = PBXBuildFile; fileRef = 451C93E01D0359FE00C5F640 /* DTOAuthor.swift */; };
		451C93E91D0359FE00C5F640 /* DTOCrate.swift in Sources */ = {isa = PBXBuildFile; fileRef = 451C93E11D0359FE00C5F640 /* DTOCrate.swift */; };
		451C93EA1D0359FE00C5F640 /* DTODependency.swift in Sources */ = {isa = PBXBuildFile; fileRef = 451C93E21D0359FE00C5F640 /* DTODependency.swift */; };
		451C93EB1D0359FE00C5F640 /* DTODownload.swift in Sources */ = {isa = PBXBuildFile; fileRef = 451C93E31D0359FE00C5F640 /* DTODownload.swift */; };
		451C93EC1D0359FE00C5F640 /* DTOKeyword.swift in Sources */ = {isa = PBXBuildFile; fileRef = 451C93E41D0359FE00C5F640 /* DTOKeyword.swift */; };
		451C93ED1D0359FE00C5F640 /* DTOUser.swift in Sources */ = {isa = PBXBuildFile; fileRef = 451C93E51D0359FE00C5F640 /* DTOUser.swift */; };
		451C93EE1D0359FE00C5F640 /* DTOVersion.swift in Sources */ = {isa = PBXBuildFile; fileRef = 451C93E61D0359FE00C5F640 /* DTOVersion.swift */; };
		451C93F11D035A0900C5F640 /* JSONParsingExtensions.swift in Sources */ = {isa = PBXBuildFile; fileRef = 451C93EF1D035A0900C5F640 /* JSONParsingExtensions.swift */; };
		451C93F21D035A0900C5F640 /* JSONParsing.swift in Sources */ = {isa = PBXBuildFile; fileRef = 451C93F01D035A0900C5F640 /* JSONParsing.swift */; };
		451C94AB1D045CE600C5F640 /* EonilJSON.framework in Frameworks */ = {isa = PBXBuildFile; fileRef = 451C94A41D045CD600C5F640 /* EonilJSON.framework */; };
		451C94AC1D045CE600C5F640 /* EonilJSON.framework in Embed Frameworks */ = {isa = PBXBuildFile; fileRef = 451C94A41D045CD600C5F640 /* EonilJSON.framework */; settings = {ATTRIBUTES = (CodeSignOnCopy, RemoveHeadersOnCopy, ); }; };
		451C94B01D045F4600C5F640 /* HTTPService.swift in Sources */ = {isa = PBXBuildFile; fileRef = 451C94AF1D045F4600C5F640 /* HTTPService.swift */; };
		451C94BB1D047CB900C5F640 /* ImplicitImports.swift in Sources */ = {isa = PBXBuildFile; fileRef = 451C94BA1D047CB900C5F640 /* ImplicitImports.swift */; };
		451C94D71D05096C00C5F640 /* DTOID.swift in Sources */ = {isa = PBXBuildFile; fileRef = 451C94D61D05096C00C5F640 /* DTOID.swift */; };
		4526FE701D118BB9004495FD /* OperationService.swift in Sources */ = {isa = PBXBuildFile; fileRef = 4526FE6F1D118BB9004495FD /* OperationService.swift */; };
		4526FE721D118C0E004495FD /* OperationCommand.swift in Sources */ = {isa = PBXBuildFile; fileRef = 4526FE711D118C0E004495FD /* OperationCommand.swift */; };
		4526FE751D118D96004495FD /* UserInteractionService.swift in Sources */ = {isa = PBXBuildFile; fileRef = 4526FE741D118D96004495FD /* UserInteractionService.swift */; };
		4526FE791D118E1B004495FD /* UserInteractionCommand.swift in Sources */ = {isa = PBXBuildFile; fileRef = 4526FE781D118E1B004495FD /* UserInteractionCommand.swift */; };
		458EE5BD1D12E6AE004A1942 /* HomeViewController2.swift in Sources */ = {isa = PBXBuildFile; fileRef = 458EE5BC1D12E6AE004A1942 /* HomeViewController2.swift */; };
		458EE5DF1D12EF2E004A1942 /* Styling.swift in Sources */ = {isa = PBXBuildFile; fileRef = 458EE5DE1D12EF2E004A1942 /* Styling.swift */; };
		458EE5E71D131A11004A1942 /* CrateState.swift in Sources */ = {isa = PBXBuildFile; fileRef = 458EE5E61D131A11004A1942 /* CrateState.swift */; };
		458EE60B1D144DA4004A1942 /* UIKitExtensionsForAutoLayoutConvenience.swift in Sources */ = {isa = PBXBuildFile; fileRef = 458EE60A1D144DA4004A1942 /* UIKitExtensionsForAutoLayoutConvenience.swift */; };
		458EE64D1D14D5AA004A1942 /* Transmissive.swift in Sources */ = {isa = PBXBuildFile; fileRef = 458EE64C1D14D5AA004A1942 /* Transmissive.swift */; };
		458EE6521D15097A004A1942 /* SwiftExtensions.swift in Sources */ = {isa = PBXBuildFile; fileRef = 458EE6511D15097A004A1942 /* SwiftExtensions.swift */; };
		458EE6541D152317004A1942 /* CrateStateExtras.swift in Sources */ = {isa = PBXBuildFile; fileRef = 458EE6531D152317004A1942 /* CrateStateExtras.swift */; };
		458EE6561D15232F004A1942 /* CrateStateBasics.swift in Sources */ = {isa = PBXBuildFile; fileRef = 458EE6551D15232F004A1942 /* CrateStateBasics.swift */; };
		458EE6591D152889004A1942 /* NetworkActivityRenderingService.swift in Sources */ = {isa = PBXBuildFile; fileRef = 458EE6581D152889004A1942 /* NetworkActivityRenderingService.swift */; };
		458EE65B1D152AC0004A1942 /* BoltsExtensions.swift in Sources */ = {isa = PBXBuildFile; fileRef = 458EE65A1D152AC0004A1942 /* BoltsExtensions.swift */; };
		459B5F881D0310740081D8FF /* ApplicationController.swift in Sources */ = {isa = PBXBuildFile; fileRef = 459B5F871D0310740081D8FF /* ApplicationController.swift */; };
		459B5F8F1D0310740081D8FF /* Assets.xcassets in Resources */ = {isa = PBXBuildFile; fileRef = 459B5F8E1D0310740081D8FF /* Assets.xcassets */; };
		459B5F921D0310740081D8FF /* LaunchScreen.storyboard in Resources */ = {isa = PBXBuildFile; fileRef = 459B5F901D0310740081D8FF /* LaunchScreen.storyboard */; };
		459B5F9A1D03107C0081D8FF /* Driver.swift in Sources */ = {isa = PBXBuildFile; fileRef = 459B5F991D03107C0081D8FF /* Driver.swift */; };
		459B5F9C1D03109F0081D8FF /* Renderer.swift in Sources */ = {isa = PBXBuildFile; fileRef = 459B5F9B1D03109F0081D8FF /* Renderer.swift */; };
		459B5FAA1D03132A0081D8FF /* APIService.swift in Sources */ = {isa = PBXBuildFile; fileRef = 459B5FA91D03132A0081D8FF /* APIService.swift */; };
		459B5FAC1D0319860081D8FF /* RootViewController.swift in Sources */ = {isa = PBXBuildFile; fileRef = 459B5FAB1D0319860081D8FF /* RootViewController.swift */; };
		459B5FD41D031C870081D8FF /* EonilToolbox.framework in Frameworks */ = {isa = PBXBuildFile; fileRef = 459B5FD11D031C7C0081D8FF /* EonilToolbox.framework */; };
		459B5FD51D031C870081D8FF /* EonilToolbox.framework in Embed Frameworks */ = {isa = PBXBuildFile; fileRef = 459B5FD11D031C7C0081D8FF /* EonilToolbox.framework */; settings = {ATTRIBUTES = (CodeSignOnCopy, RemoveHeadersOnCopy, ); }; };
		459B5FD91D031C8D0081D8FF /* BoltsSwift.framework in Frameworks */ = {isa = PBXBuildFile; fileRef = 459B5FBE1D031C780081D8FF /* BoltsSwift.framework */; };
		459B5FDA1D031C8D0081D8FF /* BoltsSwift.framework in Embed Frameworks */ = {isa = PBXBuildFile; fileRef = 459B5FBE1D031C780081D8FF /* BoltsSwift.framework */; settings = {ATTRIBUTES = (CodeSignOnCopy, RemoveHeadersOnCopy, ); }; };
		459B5FDE1D031D140081D8FF /* UtilityFunctions.swift in Sources */ = {isa = PBXBuildFile; fileRef = 459B5FDD1D031D140081D8FF /* UtilityFunctions.swift */; };
		45C040171D1AE16A00E471AD /* CreditAttributionView.swift in Sources */ = {isa = PBXBuildFile; fileRef = 45C040161D1AE16A00E471AD /* CreditAttributionView.swift */; };
		45D1B99D1D170B4100B9F7C3 /* CrateSummaryCell.swift in Sources */ = {isa = PBXBuildFile; fileRef = 45D1B99C1D170B4100B9F7C3 /* CrateSummaryCell.swift */; };
		45D1B9AC1D171A5400B9F7C3 /* HomeSearchResultViewController.swift in Sources */ = {isa = PBXBuildFile; fileRef = 45D1B9AB1D171A5400B9F7C3 /* HomeSearchResultViewController.swift */; };
		45D1B9AE1D18305E00B9F7C3 /* VersioningContainer.swift in Sources */ = {isa = PBXBuildFile; fileRef = 45D1B9AD1D18305E00B9F7C3 /* VersioningContainer.swift */; };
		45D1B9D01D1879F700B9F7C3 /* CrateInspectorInfoView2.swift in Sources */ = {isa = PBXBuildFile; fileRef = 45D1B9CF1D1879F700B9F7C3 /* CrateInspectorInfoView2.swift */; };
		45D1B9DF1D196EE100B9F7C3 /* CrateInspectorViewController2.swift in Sources */ = {isa = PBXBuildFile; fileRef = 45D1B9DE1D196EE100B9F7C3 /* CrateInspectorViewController2.swift */; };
		45D1B9E61D19835500B9F7C3 /* LocalStateContainer.swift in Sources */ = {isa = PBXBuildFile; fileRef = 45D1B9E51D19835500B9F7C3 /* LocalStateContainer.swift */; };
		45D1B9F31D198A2600B9F7C3 /* PriorityContainer.swift in Sources */ = {isa = PBXBuildFile; fileRef = 45D1B9F21D198A2600B9F7C3 /* PriorityContainer.swift */; };
/* End PBXBuildFile section */

/* Begin PBXContainerItemProxy section */
		451C94A31D045CD600C5F640 /* PBXContainerItemProxy */ = {
			isa = PBXContainerItemProxy;
			containerPortal = 451C949C1D045CD600C5F640 /* EonilJSON.xcodeproj */;
			proxyType = 2;
			remoteGlobalIDString = 451C94541D044ABD00C5F640;
			remoteInfo = "EonilJSON-iOS";
		};
		451C94A51D045CD600C5F640 /* PBXContainerItemProxy */ = {
			isa = PBXContainerItemProxy;
			containerPortal = 451C949C1D045CD600C5F640 /* EonilJSON.xcodeproj */;
			proxyType = 2;
			remoteGlobalIDString = 451C946D1D0451D800C5F640;
			remoteInfo = "EonilJSON-iOS-Tests";
		};
		451C94A71D045CD600C5F640 /* PBXContainerItemProxy */ = {
			isa = PBXContainerItemProxy;
			containerPortal = 451C949C1D045CD600C5F640 /* EonilJSON.xcodeproj */;
			proxyType = 2;
			remoteGlobalIDString = 451C947F1D0457F300C5F640;
			remoteInfo = "EonilJSON-OSX";
		};
		451C94A91D045CD600C5F640 /* PBXContainerItemProxy */ = {
			isa = PBXContainerItemProxy;
			containerPortal = 451C949C1D045CD600C5F640 /* EonilJSON.xcodeproj */;
			proxyType = 2;
			remoteGlobalIDString = 451C94901D04595400C5F640;
			remoteInfo = "EonilJSON-OSX-Tests";
		};
		451C94AD1D045CE600C5F640 /* PBXContainerItemProxy */ = {
			isa = PBXContainerItemProxy;
			containerPortal = 451C949C1D045CD600C5F640 /* EonilJSON.xcodeproj */;
			proxyType = 1;
			remoteGlobalIDString = 451C94531D044ABD00C5F640;
			remoteInfo = "EonilJSON-iOS";
		};
		459B5FBD1D031C780081D8FF /* PBXContainerItemProxy */ = {
			isa = PBXContainerItemProxy;
			containerPortal = 459B5FB31D031C780081D8FF /* BoltsSwift.xcodeproj */;
			proxyType = 2;
			remoteGlobalIDString = 87FEF3661A9085FA00C60678;
			remoteInfo = "BoltsSwift-iOS";
		};
		459B5FBF1D031C780081D8FF /* PBXContainerItemProxy */ = {
			isa = PBXContainerItemProxy;
			containerPortal = 459B5FB31D031C780081D8FF /* BoltsSwift.xcodeproj */;
			proxyType = 2;
			remoteGlobalIDString = 87FEF3711A9085FA00C60678;
			remoteInfo = "BoltsSwiftTests-iOS";
		};
		459B5FC11D031C780081D8FF /* PBXContainerItemProxy */ = {
			isa = PBXContainerItemProxy;
			containerPortal = 459B5FB31D031C780081D8FF /* BoltsSwift.xcodeproj */;
			proxyType = 2;
			remoteGlobalIDString = 81CC14EC1A9BE0A100B28F86;
			remoteInfo = "BoltsSwift-OSX";
		};
		459B5FC31D031C780081D8FF /* PBXContainerItemProxy */ = {
			isa = PBXContainerItemProxy;
			containerPortal = 459B5FB31D031C780081D8FF /* BoltsSwift.xcodeproj */;
			proxyType = 2;
			remoteGlobalIDString = 81CC14F61A9BE0A100B28F86;
			remoteInfo = "BoltsSwiftTests-OSX";
		};
		459B5FC51D031C780081D8FF /* PBXContainerItemProxy */ = {
			isa = PBXContainerItemProxy;
			containerPortal = 459B5FB31D031C780081D8FF /* BoltsSwift.xcodeproj */;
			proxyType = 2;
			remoteGlobalIDString = 065894FF1C9A93B7000FDDA6;
			remoteInfo = "BoltsSwift-tvOS";
		};
		459B5FC71D031C780081D8FF /* PBXContainerItemProxy */ = {
			isa = PBXContainerItemProxy;
			containerPortal = 459B5FB31D031C780081D8FF /* BoltsSwift.xcodeproj */;
			proxyType = 2;
			remoteGlobalIDString = 0658951B1C9A947B000FDDA6;
			remoteInfo = "BoltsSwiftTests-tvOS";
		};
		459B5FC91D031C780081D8FF /* PBXContainerItemProxy */ = {
			isa = PBXContainerItemProxy;
			containerPortal = 459B5FB31D031C780081D8FF /* BoltsSwift.xcodeproj */;
			proxyType = 2;
			remoteGlobalIDString = 065894E71C9A933B000FDDA6;
			remoteInfo = "BoltsSwift-watchOS";
		};
		459B5FD01D031C7C0081D8FF /* PBXContainerItemProxy */ = {
			isa = PBXContainerItemProxy;
			containerPortal = 459B5FCB1D031C7C0081D8FF /* EonilToolbox.xcodeproj */;
			proxyType = 2;
			remoteGlobalIDString = 45771A9D1CD0E1A30096947A;
			remoteInfo = "EonilToolbox-iOS";
		};
		459B5FD21D031C7C0081D8FF /* PBXContainerItemProxy */ = {
			isa = PBXContainerItemProxy;
			containerPortal = 459B5FCB1D031C7C0081D8FF /* EonilToolbox.xcodeproj */;
			proxyType = 2;
			remoteGlobalIDString = 45771B101CD0EAE10096947A;
			remoteInfo = "EonilToolbox-OSX";
		};
		459B5FD61D031C870081D8FF /* PBXContainerItemProxy */ = {
			isa = PBXContainerItemProxy;
			containerPortal = 459B5FCB1D031C7C0081D8FF /* EonilToolbox.xcodeproj */;
			proxyType = 1;
			remoteGlobalIDString = 45771A9C1CD0E1A30096947A;
			remoteInfo = "EonilToolbox-iOS";
		};
		459B5FDB1D031C8D0081D8FF /* PBXContainerItemProxy */ = {
			isa = PBXContainerItemProxy;
			containerPortal = 459B5FB31D031C780081D8FF /* BoltsSwift.xcodeproj */;
			proxyType = 1;
			remoteGlobalIDString = 87FEF3651A9085FA00C60678;
			remoteInfo = "BoltsSwift-iOS";
		};
		45D1B9A91D170B4200B9F7C3 /* PBXContainerItemProxy */ = {
			isa = PBXContainerItemProxy;
			containerPortal = 459B5FCB1D031C7C0081D8FF /* EonilToolbox.xcodeproj */;
			proxyType = 2;
			remoteGlobalIDString = 45D1B98E1D16CF0300B9F7C3;
			remoteInfo = "EonilToolboxTests-macOS";
		};
/* End PBXContainerItemProxy section */

/* Begin PBXCopyFilesBuildPhase section */
		459B5FD81D031C870081D8FF /* Embed Frameworks */ = {
			isa = PBXCopyFilesBuildPhase;
			buildActionMask = 2147483647;
			dstPath = "";
			dstSubfolderSpec = 10;
			files = (
				459B5FD51D031C870081D8FF /* EonilToolbox.framework in Embed Frameworks */,
				459B5FDA1D031C8D0081D8FF /* BoltsSwift.framework in Embed Frameworks */,
				451C94AC1D045CE600C5F640 /* EonilJSON.framework in Embed Frameworks */,
			);
			name = "Embed Frameworks";
			runOnlyForDeploymentPostprocessing = 0;
		};
/* End PBXCopyFilesBuildPhase section */

/* Begin PBXFileReference section */
		451C93B11D031D9200C5F640 /* UserInteractionState.swift */ = {isa = PBXFileReference; fileEncoding = 4; lastKnownFileType = sourcecode.swift; path = UserInteractionState.swift; sourceTree = "<group>"; };
		451C93BA1D03202F00C5F640 /* MainWindowController.swift */ = {isa = PBXFileReference; fileEncoding = 4; lastKnownFileType = sourcecode.swift; path = MainWindowController.swift; sourceTree = "<group>"; };
		451C93BE1D033B0000C5F640 /* UtilityExtensions.swift */ = {isa = PBXFileReference; fileEncoding = 4; lastKnownFileType = sourcecode.swift; path = UtilityExtensions.swift; sourceTree = "<group>"; };
		451C93DF1D0359FE00C5F640 /* DTOSummary.swift */ = {isa = PBXFileReference; fileEncoding = 4; lastKnownFileType = sourcecode.swift; path = DTOSummary.swift; sourceTree = "<group>"; };
		451C93E01D0359FE00C5F640 /* DTOAuthor.swift */ = {isa = PBXFileReference; fileEncoding = 4; lastKnownFileType = sourcecode.swift; path = DTOAuthor.swift; sourceTree = "<group>"; };
		451C93E11D0359FE00C5F640 /* DTOCrate.swift */ = {isa = PBXFileReference; fileEncoding = 4; lastKnownFileType = sourcecode.swift; path = DTOCrate.swift; sourceTree = "<group>"; };
		451C93E21D0359FE00C5F640 /* DTODependency.swift */ = {isa = PBXFileReference; fileEncoding = 4; lastKnownFileType = sourcecode.swift; path = DTODependency.swift; sourceTree = "<group>"; };
		451C93E31D0359FE00C5F640 /* DTODownload.swift */ = {isa = PBXFileReference; fileEncoding = 4; lastKnownFileType = sourcecode.swift; path = DTODownload.swift; sourceTree = "<group>"; };
		451C93E41D0359FE00C5F640 /* DTOKeyword.swift */ = {isa = PBXFileReference; fileEncoding = 4; lastKnownFileType = sourcecode.swift; path = DTOKeyword.swift; sourceTree = "<group>"; };
		451C93E51D0359FE00C5F640 /* DTOUser.swift */ = {isa = PBXFileReference; fileEncoding = 4; lastKnownFileType = sourcecode.swift; path = DTOUser.swift; sourceTree = "<group>"; };
		451C93E61D0359FE00C5F640 /* DTOVersion.swift */ = {isa = PBXFileReference; fileEncoding = 4; lastKnownFileType = sourcecode.swift; path = DTOVersion.swift; sourceTree = "<group>"; };
		451C93EF1D035A0900C5F640 /* JSONParsingExtensions.swift */ = {isa = PBXFileReference; fileEncoding = 4; lastKnownFileType = sourcecode.swift; path = JSONParsingExtensions.swift; sourceTree = "<group>"; };
		451C93F01D035A0900C5F640 /* JSONParsing.swift */ = {isa = PBXFileReference; fileEncoding = 4; lastKnownFileType = sourcecode.swift; path = JSONParsing.swift; sourceTree = "<group>"; };
		451C949C1D045CD600C5F640 /* EonilJSON.xcodeproj */ = {isa = PBXFileReference; lastKnownFileType = "wrapper.pb-project"; name = EonilJSON.xcodeproj; path = ../submodules/json.swift/EonilJSON.xcodeproj; sourceTree = "<group>"; };
		451C94AF1D045F4600C5F640 /* HTTPService.swift */ = {isa = PBXFileReference; fileEncoding = 4; lastKnownFileType = sourcecode.swift; path = HTTPService.swift; sourceTree = "<group>"; };
		451C94BA1D047CB900C5F640 /* ImplicitImports.swift */ = {isa = PBXFileReference; fileEncoding = 4; lastKnownFileType = sourcecode.swift; path = ImplicitImports.swift; sourceTree = "<group>"; };
		451C94D21D0482CB00C5F640 /* README.md */ = {isa = PBXFileReference; fileEncoding = 4; lastKnownFileType = net.daringfireball.markdown; path = README.md; sourceTree = "<group>"; };
		451C94D41D0482E800C5F640 /* NOTE.md */ = {isa = PBXFileReference; fileEncoding = 4; lastKnownFileType = net.daringfireball.markdown; path = NOTE.md; sourceTree = "<group>"; };
		451C94D61D05096C00C5F640 /* DTOID.swift */ = {isa = PBXFileReference; fileEncoding = 4; lastKnownFileType = sourcecode.swift; path = DTOID.swift; sourceTree = "<group>"; };
		4526FE6F1D118BB9004495FD /* OperationService.swift */ = {isa = PBXFileReference; fileEncoding = 4; lastKnownFileType = sourcecode.swift; path = OperationService.swift; sourceTree = "<group>"; };
		4526FE711D118C0E004495FD /* OperationCommand.swift */ = {isa = PBXFileReference; fileEncoding = 4; lastKnownFileType = sourcecode.swift; path = OperationCommand.swift; sourceTree = "<group>"; };
		4526FE741D118D96004495FD /* UserInteractionService.swift */ = {isa = PBXFileReference; fileEncoding = 4; lastKnownFileType = sourcecode.swift; path = UserInteractionService.swift; sourceTree = "<group>"; };
		4526FE781D118E1B004495FD /* UserInteractionCommand.swift */ = {isa = PBXFileReference; fileEncoding = 4; lastKnownFileType = sourcecode.swift; path = UserInteractionCommand.swift; sourceTree = "<group>"; };
		458EE5BC1D12E6AE004A1942 /* HomeViewController2.swift */ = {isa = PBXFileReference; fileEncoding = 4; lastKnownFileType = sourcecode.swift; path = HomeViewController2.swift; sourceTree = "<group>"; };
		458EE5DE1D12EF2E004A1942 /* Styling.swift */ = {isa = PBXFileReference; fileEncoding = 4; lastKnownFileType = sourcecode.swift; path = Styling.swift; sourceTree = "<group>"; };
		458EE5E61D131A11004A1942 /* CrateState.swift */ = {isa = PBXFileReference; fileEncoding = 4; lastKnownFileType = sourcecode.swift; path = CrateState.swift; sourceTree = "<group>"; };
		458EE60A1D144DA4004A1942 /* UIKitExtensionsForAutoLayoutConvenience.swift */ = {isa = PBXFileReference; fileEncoding = 4; lastKnownFileType = sourcecode.swift; path = UIKitExtensionsForAutoLayoutConvenience.swift; sourceTree = "<group>"; };
		458EE64C1D14D5AA004A1942 /* Transmissive.swift */ = {isa = PBXFileReference; fileEncoding = 4; lastKnownFileType = sourcecode.swift; path = Transmissive.swift; sourceTree = "<group>"; };
		458EE6511D15097A004A1942 /* SwiftExtensions.swift */ = {isa = PBXFileReference; fileEncoding = 4; lastKnownFileType = sourcecode.swift; path = SwiftExtensions.swift; sourceTree = "<group>"; };
		458EE6531D152317004A1942 /* CrateStateExtras.swift */ = {isa = PBXFileReference; fileEncoding = 4; lastKnownFileType = sourcecode.swift; path = CrateStateExtras.swift; sourceTree = "<group>"; };
		458EE6551D15232F004A1942 /* CrateStateBasics.swift */ = {isa = PBXFileReference; fileEncoding = 4; lastKnownFileType = sourcecode.swift; path = CrateStateBasics.swift; sourceTree = "<group>"; };
		458EE6581D152889004A1942 /* NetworkActivityRenderingService.swift */ = {isa = PBXFileReference; fileEncoding = 4; lastKnownFileType = sourcecode.swift; path = NetworkActivityRenderingService.swift; sourceTree = "<group>"; };
		458EE65A1D152AC0004A1942 /* BoltsExtensions.swift */ = {isa = PBXFileReference; fileEncoding = 4; lastKnownFileType = sourcecode.swift; path = BoltsExtensions.swift; sourceTree = "<group>"; };
		459B5F841D0310740081D8FF /* CratesIOCatalogue3.app */ = {isa = PBXFileReference; explicitFileType = wrapper.application; includeInIndex = 0; path = CratesIOCatalogue3.app; sourceTree = BUILT_PRODUCTS_DIR; };
		459B5F871D0310740081D8FF /* ApplicationController.swift */ = {isa = PBXFileReference; lastKnownFileType = sourcecode.swift; path = ApplicationController.swift; sourceTree = "<group>"; };
		459B5F8E1D0310740081D8FF /* Assets.xcassets */ = {isa = PBXFileReference; lastKnownFileType = folder.assetcatalog; path = Assets.xcassets; sourceTree = "<group>"; };
		459B5F911D0310740081D8FF /* Base */ = {isa = PBXFileReference; lastKnownFileType = file.storyboard; name = Base; path = Base.lproj/LaunchScreen.storyboard; sourceTree = "<group>"; };
		459B5F931D0310740081D8FF /* Info.plist */ = {isa = PBXFileReference; lastKnownFileType = text.plist.xml; path = Info.plist; sourceTree = "<group>"; };
		459B5F991D03107C0081D8FF /* Driver.swift */ = {isa = PBXFileReference; fileEncoding = 4; lastKnownFileType = sourcecode.swift; path = Driver.swift; sourceTree = "<group>"; };
		459B5F9B1D03109F0081D8FF /* Renderer.swift */ = {isa = PBXFileReference; fileEncoding = 4; lastKnownFileType = sourcecode.swift; path = Renderer.swift; sourceTree = "<group>"; };
		459B5FA91D03132A0081D8FF /* APIService.swift */ = {isa = PBXFileReference; fileEncoding = 4; lastKnownFileType = sourcecode.swift; path = APIService.swift; sourceTree = "<group>"; };
		459B5FAB1D0319860081D8FF /* RootViewController.swift */ = {isa = PBXFileReference; fileEncoding = 4; lastKnownFileType = sourcecode.swift; path = RootViewController.swift; sourceTree = "<group>"; };
		459B5FB31D031C780081D8FF /* BoltsSwift.xcodeproj */ = {isa = PBXFileReference; lastKnownFileType = "wrapper.pb-project"; name = BoltsSwift.xcodeproj; path = "../submodules/Bolts-Swift/BoltsSwift.xcodeproj"; sourceTree = "<group>"; };
		459B5FCB1D031C7C0081D8FF /* EonilToolbox.xcodeproj */ = {isa = PBXFileReference; lastKnownFileType = "wrapper.pb-project"; name = EonilToolbox.xcodeproj; path = ../submodules/toolbox.swift/EonilToolbox.xcodeproj; sourceTree = "<group>"; };
		459B5FDD1D031D140081D8FF /* UtilityFunctions.swift */ = {isa = PBXFileReference; fileEncoding = 4; lastKnownFileType = sourcecode.swift; path = UtilityFunctions.swift; sourceTree = "<group>"; };
		45C040161D1AE16A00E471AD /* CreditAttributionView.swift */ = {isa = PBXFileReference; fileEncoding = 4; lastKnownFileType = sourcecode.swift; path = CreditAttributionView.swift; sourceTree = "<group>"; };
		45C0401B1D1AF1D600E471AD /* CREDITS.md */ = {isa = PBXFileReference; fileEncoding = 4; lastKnownFileType = net.daringfireball.markdown; path = CREDITS.md; sourceTree = "<group>"; };
		45C040281D1AF21600E471AD /* TODO.md */ = {isa = PBXFileReference; fileEncoding = 4; lastKnownFileType = net.daringfireball.markdown; path = TODO.md; sourceTree = "<group>"; };
		45D1B99C1D170B4100B9F7C3 /* CrateSummaryCell.swift */ = {isa = PBXFileReference; fileEncoding = 4; lastKnownFileType = sourcecode.swift; path = CrateSummaryCell.swift; sourceTree = "<group>"; };
		45D1B9AB1D171A5400B9F7C3 /* HomeSearchResultViewController.swift */ = {isa = PBXFileReference; fileEncoding = 4; lastKnownFileType = sourcecode.swift; path = HomeSearchResultViewController.swift; sourceTree = "<group>"; };
		45D1B9AD1D18305E00B9F7C3 /* VersioningContainer.swift */ = {isa = PBXFileReference; fileEncoding = 4; lastKnownFileType = sourcecode.swift; path = VersioningContainer.swift; sourceTree = "<group>"; };
		45D1B9CF1D1879F700B9F7C3 /* CrateInspectorInfoView2.swift */ = {isa = PBXFileReference; fileEncoding = 4; lastKnownFileType = sourcecode.swift; path = CrateInspectorInfoView2.swift; sourceTree = "<group>"; };
		45D1B9DE1D196EE100B9F7C3 /* CrateInspectorViewController2.swift */ = {isa = PBXFileReference; fileEncoding = 4; lastKnownFileType = sourcecode.swift; path = CrateInspectorViewController2.swift; sourceTree = "<group>"; };
		45D1B9E51D19835500B9F7C3 /* LocalStateContainer.swift */ = {isa = PBXFileReference; fileEncoding = 4; lastKnownFileType = sourcecode.swift; path = LocalStateContainer.swift; sourceTree = "<group>"; };
		45D1B9F21D198A2600B9F7C3 /* PriorityContainer.swift */ = {isa = PBXFileReference; fileEncoding = 4; lastKnownFileType = sourcecode.swift; path = PriorityContainer.swift; sourceTree = "<group>"; };
/* End PBXFileReference section */

/* Begin PBXFrameworksBuildPhase section */
		459B5F811D0310740081D8FF /* Frameworks */ = {
			isa = PBXFrameworksBuildPhase;
			buildActionMask = 2147483647;
			files = (
				459B5FD41D031C870081D8FF /* EonilToolbox.framework in Frameworks */,
				459B5FD91D031C8D0081D8FF /* BoltsSwift.framework in Frameworks */,
				451C94AB1D045CE600C5F640 /* EonilJSON.framework in Frameworks */,
			);
			runOnlyForDeploymentPostprocessing = 0;
		};
/* End PBXFrameworksBuildPhase section */

/* Begin PBXGroup section */
		451C93DE1D03598100C5F640 /* (API service) */ = {
			isa = PBXGroup;
			children = (
				459B5FA91D03132A0081D8FF /* APIService.swift */,
				451C93EF1D035A0900C5F640 /* JSONParsingExtensions.swift */,
				451C93F01D035A0900C5F640 /* JSONParsing.swift */,
				451C94D61D05096C00C5F640 /* DTOID.swift */,
				451C93DF1D0359FE00C5F640 /* DTOSummary.swift */,
				451C93E01D0359FE00C5F640 /* DTOAuthor.swift */,
				451C93E11D0359FE00C5F640 /* DTOCrate.swift */,
				451C93E21D0359FE00C5F640 /* DTODependency.swift */,
				451C93E31D0359FE00C5F640 /* DTODownload.swift */,
				451C93E41D0359FE00C5F640 /* DTOKeyword.swift */,
				451C93E51D0359FE00C5F640 /* DTOUser.swift */,
				451C93E61D0359FE00C5F640 /* DTOVersion.swift */,
			);
			name = "(API service)";
			sourceTree = "<group>";
		};
		451C949D1D045CD600C5F640 /* Products */ = {
			isa = PBXGroup;
			children = (
				451C94A41D045CD600C5F640 /* EonilJSON.framework */,
				451C94A61D045CD600C5F640 /* EonilJSON-iOS-Tests.xctest */,
				451C94A81D045CD600C5F640 /* EonilJSON.framework */,
				451C94AA1D045CD600C5F640 /* EonilJSON-OSX-Tests.xctest */,
			);
			name = Products;
			sourceTree = "<group>";
		};
		4526FE641D118BAE004495FD /* (operation service) */ = {
			isa = PBXGroup;
			children = (
				4526FE711D118C0E004495FD /* OperationCommand.swift */,
				4526FE6F1D118BB9004495FD /* OperationService.swift */,
			);
			name = "(operation service)";
			sourceTree = "<group>";
		};
		4526FE731D118D82004495FD /* (user interaction service) */ = {
			isa = PBXGroup;
			children = (
				4526FE741D118D96004495FD /* UserInteractionService.swift */,
				4526FE781D118E1B004495FD /* UserInteractionCommand.swift */,
				451C93B11D031D9200C5F640 /* UserInteractionState.swift */,
				458EE5E61D131A11004A1942 /* CrateState.swift */,
				458EE6551D15232F004A1942 /* CrateStateBasics.swift */,
				458EE6531D152317004A1942 /* CrateStateExtras.swift */,
				459B5F9B1D03109F0081D8FF /* Renderer.swift */,
				451C93BA1D03202F00C5F640 /* MainWindowController.swift */,
				459B5FAB1D0319860081D8FF /* RootViewController.swift */,
				458EE5BC1D12E6AE004A1942 /* HomeViewController2.swift */,
				45D1B9AB1D171A5400B9F7C3 /* HomeSearchResultViewController.swift */,
				45C040161D1AE16A00E471AD /* CreditAttributionView.swift */,
				45D1B99C1D170B4100B9F7C3 /* CrateSummaryCell.swift */,
				45D1B9DE1D196EE100B9F7C3 /* CrateInspectorViewController2.swift */,
				45D1B9CF1D1879F700B9F7C3 /* CrateInspectorInfoView2.swift */,
				45D1B9E51D19835500B9F7C3 /* LocalStateContainer.swift */,
				458EE5DE1D12EF2E004A1942 /* Styling.swift */,
				459B5F871D0310740081D8FF /* ApplicationController.swift */,
				458EE6571D152879004A1942 /* (network activity rendering service) */,
			);
			name = "(user interaction service)";
			sourceTree = "<group>";
		};
		458EE6571D152879004A1942 /* (network activity rendering service) */ = {
			isa = PBXGroup;
			children = (
				458EE6581D152889004A1942 /* NetworkActivityRenderingService.swift */,
			);
			name = "(network activity rendering service)";
			sourceTree = "<group>";
		};
		459B5F7B1D0310730081D8FF = {
			isa = PBXGroup;
			children = (
				451C94D21D0482CB00C5F640 /* README.md */,
				451C94D41D0482E800C5F640 /* NOTE.md */,
				45C0401B1D1AF1D600E471AD /* CREDITS.md */,
				45C040281D1AF21600E471AD /* TODO.md */,
				451C949C1D045CD600C5F640 /* EonilJSON.xcodeproj */,
				459B5FCB1D031C7C0081D8FF /* EonilToolbox.xcodeproj */,
				459B5FB31D031C780081D8FF /* BoltsSwift.xcodeproj */,
				459B5F861D0310740081D8FF /* CratesIOCatalogue3 */,
				459B5F851D0310740081D8FF /* Products */,
			);
			sourceTree = "<group>";
		};
		459B5F851D0310740081D8FF /* Products */ = {
			isa = PBXGroup;
			children = (
				459B5F841D0310740081D8FF /* CratesIOCatalogue3.app */,
			);
			name = Products;
			sourceTree = "<group>";
		};
		459B5F861D0310740081D8FF /* CratesIOCatalogue3 */ = {
			isa = PBXGroup;
			children = (
				459B5F991D03107C0081D8FF /* Driver.swift */,
				4526FE641D118BAE004495FD /* (operation service) */,
				4526FE731D118D82004495FD /* (user interaction service) */,
				451C93DE1D03598100C5F640 /* (API service) */,
				451C94AF1D045F4600C5F640 /* HTTPService.swift */,
				459B5FDD1D031D140081D8FF /* UtilityFunctions.swift */,
				451C93BE1D033B0000C5F640 /* UtilityExtensions.swift */,
				458EE60A1D144DA4004A1942 /* UIKitExtensionsForAutoLayoutConvenience.swift */,
				458EE64C1D14D5AA004A1942 /* Transmissive.swift */,
				45D1B9AD1D18305E00B9F7C3 /* VersioningContainer.swift */,
				45D1B9F21D198A2600B9F7C3 /* PriorityContainer.swift */,
				458EE6511D15097A004A1942 /* SwiftExtensions.swift */,
				458EE65A1D152AC0004A1942 /* BoltsExtensions.swift */,
				451C94BA1D047CB900C5F640 /* ImplicitImports.swift */,
				459B5F8E1D0310740081D8FF /* Assets.xcassets */,
				459B5F901D0310740081D8FF /* LaunchScreen.storyboard */,
				459B5F931D0310740081D8FF /* Info.plist */,
			);
			path = CratesIOCatalogue3;
			sourceTree = "<group>";
		};
		459B5FB41D031C780081D8FF /* Products */ = {
			isa = PBXGroup;
			children = (
				459B5FBE1D031C780081D8FF /* BoltsSwift.framework */,
				459B5FC01D031C780081D8FF /* BoltsSwiftTests.xctest */,
				459B5FC21D031C780081D8FF /* BoltsSwift.framework */,
				459B5FC41D031C780081D8FF /* BoltsSwiftTests.xctest */,
				459B5FC61D031C780081D8FF /* BoltsSwift.framework */,
				459B5FC81D031C780081D8FF /* BoltsSwiftTests.xctest */,
				459B5FCA1D031C780081D8FF /* BoltsSwift.framework */,
			);
			name = Products;
			sourceTree = "<group>";
		};
		459B5FCC1D031C7C0081D8FF /* Products */ = {
			isa = PBXGroup;
			children = (
				459B5FD11D031C7C0081D8FF /* EonilToolbox.framework */,
				459B5FD31D031C7C0081D8FF /* EonilToolbox.framework */,
				45D1B9AA1D170B4200B9F7C3 /* EonilToolboxTests-macOS.xctest */,
			);
			name = Products;
			sourceTree = "<group>";
		};
/* End PBXGroup section */

/* Begin PBXNativeTarget section */
		459B5F831D0310740081D8FF /* CratesIOCatalogue3 */ = {
			isa = PBXNativeTarget;
			buildConfigurationList = 459B5F961D0310740081D8FF /* Build configuration list for PBXNativeTarget "CratesIOCatalogue3" */;
			buildPhases = (
				459B5F801D0310740081D8FF /* Sources */,
				459B5F811D0310740081D8FF /* Frameworks */,
				459B5F821D0310740081D8FF /* Resources */,
				459B5FD81D031C870081D8FF /* Embed Frameworks */,
			);
			buildRules = (
			);
			dependencies = (
				459B5FD71D031C870081D8FF /* PBXTargetDependency */,
				459B5FDC1D031C8D0081D8FF /* PBXTargetDependency */,
				451C94AE1D045CE600C5F640 /* PBXTargetDependency */,
			);
			name = CratesIOCatalogue3;
			productName = CratesIOCatalogue3;
			productReference = 459B5F841D0310740081D8FF /* CratesIOCatalogue3.app */;
			productType = "com.apple.product-type.application";
		};
/* End PBXNativeTarget section */

/* Begin PBXProject section */
		459B5F7C1D0310730081D8FF /* Project object */ = {
			isa = PBXProject;
			attributes = {
				LastSwiftUpdateCheck = 0730;
				LastUpgradeCheck = 0730;
				ORGANIZATIONNAME = Eonil;
				TargetAttributes = {
					459B5F831D0310740081D8FF = {
						CreatedOnToolsVersion = 7.3.1;
						DevelopmentTeam = SYA75M63MP;
					};
				};
			};
			buildConfigurationList = 459B5F7F1D0310730081D8FF /* Build configuration list for PBXProject "CratesIOCatalogue3" */;
			compatibilityVersion = "Xcode 3.2";
			developmentRegion = English;
			hasScannedForEncodings = 0;
			knownRegions = (
				en,
				Base,
			);
			mainGroup = 459B5F7B1D0310730081D8FF;
			productRefGroup = 459B5F851D0310740081D8FF /* Products */;
			projectDirPath = "";
			projectReferences = (
				{
					ProductGroup = 459B5FB41D031C780081D8FF /* Products */;
					ProjectRef = 459B5FB31D031C780081D8FF /* BoltsSwift.xcodeproj */;
				},
				{
					ProductGroup = 451C949D1D045CD600C5F640 /* Products */;
					ProjectRef = 451C949C1D045CD600C5F640 /* EonilJSON.xcodeproj */;
				},
				{
					ProductGroup = 459B5FCC1D031C7C0081D8FF /* Products */;
					ProjectRef = 459B5FCB1D031C7C0081D8FF /* EonilToolbox.xcodeproj */;
				},
			);
			projectRoot = "";
			targets = (
				459B5F831D0310740081D8FF /* CratesIOCatalogue3 */,
			);
		};
/* End PBXProject section */

/* Begin PBXReferenceProxy section */
		451C94A41D045CD600C5F640 /* EonilJSON.framework */ = {
			isa = PBXReferenceProxy;
			fileType = wrapper.framework;
			path = EonilJSON.framework;
			remoteRef = 451C94A31D045CD600C5F640 /* PBXContainerItemProxy */;
			sourceTree = BUILT_PRODUCTS_DIR;
		};
		451C94A61D045CD600C5F640 /* EonilJSON-iOS-Tests.xctest */ = {
			isa = PBXReferenceProxy;
			fileType = wrapper.cfbundle;
			path = "EonilJSON-iOS-Tests.xctest";
			remoteRef = 451C94A51D045CD600C5F640 /* PBXContainerItemProxy */;
			sourceTree = BUILT_PRODUCTS_DIR;
		};
		451C94A81D045CD600C5F640 /* EonilJSON.framework */ = {
			isa = PBXReferenceProxy;
			fileType = wrapper.framework;
			path = EonilJSON.framework;
			remoteRef = 451C94A71D045CD600C5F640 /* PBXContainerItemProxy */;
			sourceTree = BUILT_PRODUCTS_DIR;
		};
		451C94AA1D045CD600C5F640 /* EonilJSON-OSX-Tests.xctest */ = {
			isa = PBXReferenceProxy;
			fileType = wrapper.cfbundle;
			path = "EonilJSON-OSX-Tests.xctest";
			remoteRef = 451C94A91D045CD600C5F640 /* PBXContainerItemProxy */;
			sourceTree = BUILT_PRODUCTS_DIR;
		};
		459B5FBE1D031C780081D8FF /* BoltsSwift.framework */ = {
			isa = PBXReferenceProxy;
			fileType = wrapper.framework;
			path = BoltsSwift.framework;
			remoteRef = 459B5FBD1D031C780081D8FF /* PBXContainerItemProxy */;
			sourceTree = BUILT_PRODUCTS_DIR;
		};
		459B5FC01D031C780081D8FF /* BoltsSwiftTests.xctest */ = {
			isa = PBXReferenceProxy;
			fileType = wrapper.cfbundle;
			path = BoltsSwiftTests.xctest;
			remoteRef = 459B5FBF1D031C780081D8FF /* PBXContainerItemProxy */;
			sourceTree = BUILT_PRODUCTS_DIR;
		};
		459B5FC21D031C780081D8FF /* BoltsSwift.framework */ = {
			isa = PBXReferenceProxy;
			fileType = wrapper.framework;
			path = BoltsSwift.framework;
			remoteRef = 459B5FC11D031C780081D8FF /* PBXContainerItemProxy */;
			sourceTree = BUILT_PRODUCTS_DIR;
		};
		459B5FC41D031C780081D8FF /* BoltsSwiftTests.xctest */ = {
			isa = PBXReferenceProxy;
			fileType = wrapper.cfbundle;
			path = BoltsSwiftTests.xctest;
			remoteRef = 459B5FC31D031C780081D8FF /* PBXContainerItemProxy */;
			sourceTree = BUILT_PRODUCTS_DIR;
		};
		459B5FC61D031C780081D8FF /* BoltsSwift.framework */ = {
			isa = PBXReferenceProxy;
			fileType = wrapper.framework;
			path = BoltsSwift.framework;
			remoteRef = 459B5FC51D031C780081D8FF /* PBXContainerItemProxy */;
			sourceTree = BUILT_PRODUCTS_DIR;
		};
		459B5FC81D031C780081D8FF /* BoltsSwiftTests.xctest */ = {
			isa = PBXReferenceProxy;
			fileType = wrapper.cfbundle;
			path = BoltsSwiftTests.xctest;
			remoteRef = 459B5FC71D031C780081D8FF /* PBXContainerItemProxy */;
			sourceTree = BUILT_PRODUCTS_DIR;
		};
		459B5FCA1D031C780081D8FF /* BoltsSwift.framework */ = {
			isa = PBXReferenceProxy;
			fileType = wrapper.framework;
			path = BoltsSwift.framework;
			remoteRef = 459B5FC91D031C780081D8FF /* PBXContainerItemProxy */;
			sourceTree = BUILT_PRODUCTS_DIR;
		};
		459B5FD11D031C7C0081D8FF /* EonilToolbox.framework */ = {
			isa = PBXReferenceProxy;
			fileType = wrapper.framework;
			path = EonilToolbox.framework;
			remoteRef = 459B5FD01D031C7C0081D8FF /* PBXContainerItemProxy */;
			sourceTree = BUILT_PRODUCTS_DIR;
		};
		459B5FD31D031C7C0081D8FF /* EonilToolbox.framework */ = {
			isa = PBXReferenceProxy;
			fileType = wrapper.framework;
			path = EonilToolbox.framework;
			remoteRef = 459B5FD21D031C7C0081D8FF /* PBXContainerItemProxy */;
			sourceTree = BUILT_PRODUCTS_DIR;
		};
		45D1B9AA1D170B4200B9F7C3 /* EonilToolboxTests-macOS.xctest */ = {
			isa = PBXReferenceProxy;
			fileType = wrapper.cfbundle;
			path = "EonilToolboxTests-macOS.xctest";
			remoteRef = 45D1B9A91D170B4200B9F7C3 /* PBXContainerItemProxy */;
			sourceTree = BUILT_PRODUCTS_DIR;
		};
/* End PBXReferenceProxy section */

/* Begin PBXResourcesBuildPhase section */
		459B5F821D0310740081D8FF /* Resources */ = {
			isa = PBXResourcesBuildPhase;
			buildActionMask = 2147483647;
			files = (
				459B5F921D0310740081D8FF /* LaunchScreen.storyboard in Resources */,
				459B5F8F1D0310740081D8FF /* Assets.xcassets in Resources */,
			);
			runOnlyForDeploymentPostprocessing = 0;
		};
/* End PBXResourcesBuildPhase section */

/* Begin PBXSourcesBuildPhase section */
		459B5F801D0310740081D8FF /* Sources */ = {
			isa = PBXSourcesBuildPhase;
			buildActionMask = 2147483647;
			files = (
				45D1B99D1D170B4100B9F7C3 /* CrateSummaryCell.swift in Sources */,
				451C93BB1D03202F00C5F640 /* MainWindowController.swift in Sources */,
				451C93EB1D0359FE00C5F640 /* DTODownload.swift in Sources */,
				451C93F11D035A0900C5F640 /* JSONParsingExtensions.swift in Sources */,
				459B5F9C1D03109F0081D8FF /* Renderer.swift in Sources */,
				45C040171D1AE16A00E471AD /* CreditAttributionView.swift in Sources */,
				451C93E81D0359FE00C5F640 /* DTOAuthor.swift in Sources */,
				458EE64D1D14D5AA004A1942 /* Transmissive.swift in Sources */,
				451C93E91D0359FE00C5F640 /* DTOCrate.swift in Sources */,
				459B5F9A1D03107C0081D8FF /* Driver.swift in Sources */,
				459B5FDE1D031D140081D8FF /* UtilityFunctions.swift in Sources */,
				451C94D71D05096C00C5F640 /* DTOID.swift in Sources */,
				451C94BB1D047CB900C5F640 /* ImplicitImports.swift in Sources */,
				45D1B9AE1D18305E00B9F7C3 /* VersioningContainer.swift in Sources */,
				459B5FAA1D03132A0081D8FF /* APIService.swift in Sources */,
				458EE5BD1D12E6AE004A1942 /* HomeViewController2.swift in Sources */,
				45D1B9E61D19835500B9F7C3 /* LocalStateContainer.swift in Sources */,
				451C93E71D0359FE00C5F640 /* DTOSummary.swift in Sources */,
				451C93B21D031D9200C5F640 /* UserInteractionState.swift in Sources */,
				451C94B01D045F4600C5F640 /* HTTPService.swift in Sources */,
				458EE65B1D152AC0004A1942 /* BoltsExtensions.swift in Sources */,
				458EE5DF1D12EF2E004A1942 /* Styling.swift in Sources */,
				458EE6561D15232F004A1942 /* CrateStateBasics.swift in Sources */,
				451C93BF1D033B0000C5F640 /* UtilityExtensions.swift in Sources */,
				4526FE751D118D96004495FD /* UserInteractionService.swift in Sources */,
				4526FE791D118E1B004495FD /* UserInteractionCommand.swift in Sources */,
				451C93ED1D0359FE00C5F640 /* DTOUser.swift in Sources */,
				4526FE721D118C0E004495FD /* OperationCommand.swift in Sources */,
				458EE6541D152317004A1942 /* CrateStateExtras.swift in Sources */,
				451C93EA1D0359FE00C5F640 /* DTODependency.swift in Sources */,
				451C93F21D035A0900C5F640 /* JSONParsing.swift in Sources */,
				45D1B9D01D1879F700B9F7C3 /* CrateInspectorInfoView2.swift in Sources */,
				459B5F881D0310740081D8FF /* ApplicationController.swift in Sources */,
				45D1B9DF1D196EE100B9F7C3 /* CrateInspectorViewController2.swift in Sources */,
				458EE6521D15097A004A1942 /* SwiftExtensions.swift in Sources */,
				458EE60B1D144DA4004A1942 /* UIKitExtensionsForAutoLayoutConvenience.swift in Sources */,
				4526FE701D118BB9004495FD /* OperationService.swift in Sources */,
				458EE5E71D131A11004A1942 /* CrateState.swift in Sources */,
				451C93EE1D0359FE00C5F640 /* DTOVersion.swift in Sources */,
				458EE6591D152889004A1942 /* NetworkActivityRenderingService.swift in Sources */,
				459B5FAC1D0319860081D8FF /* RootViewController.swift in Sources */,
				451C93EC1D0359FE00C5F640 /* DTOKeyword.swift in Sources */,
				45D1B9AC1D171A5400B9F7C3 /* HomeSearchResultViewController.swift in Sources */,
				45D1B9F31D198A2600B9F7C3 /* PriorityContainer.swift in Sources */,
			);
			runOnlyForDeploymentPostprocessing = 0;
		};
/* End PBXSourcesBuildPhase section */

/* Begin PBXTargetDependency section */
		451C94AE1D045CE600C5F640 /* PBXTargetDependency */ = {
			isa = PBXTargetDependency;
			name = "EonilJSON-iOS";
			targetProxy = 451C94AD1D045CE600C5F640 /* PBXContainerItemProxy */;
		};
		459B5FD71D031C870081D8FF /* PBXTargetDependency */ = {
			isa = PBXTargetDependency;
			name = "EonilToolbox-iOS";
			targetProxy = 459B5FD61D031C870081D8FF /* PBXContainerItemProxy */;
		};
		459B5FDC1D031C8D0081D8FF /* PBXTargetDependency */ = {
			isa = PBXTargetDependency;
			name = "BoltsSwift-iOS";
			targetProxy = 459B5FDB1D031C8D0081D8FF /* PBXContainerItemProxy */;
		};
/* End PBXTargetDependency section */

/* Begin PBXVariantGroup section */
		459B5F901D0310740081D8FF /* LaunchScreen.storyboard */ = {
			isa = PBXVariantGroup;
			children = (
				459B5F911D0310740081D8FF /* Base */,
			);
			name = LaunchScreen.storyboard;
			sourceTree = "<group>";
		};
/* End PBXVariantGroup section */

/* Begin XCBuildConfiguration section */
		459B5F941D0310740081D8FF /* Debug */ = {
			isa = XCBuildConfiguration;
			buildSettings = {
				ALWAYS_SEARCH_USER_PATHS = NO;
				CLANG_ANALYZER_NONNULL = YES;
				CLANG_CXX_LANGUAGE_STANDARD = "gnu++0x";
				CLANG_CXX_LIBRARY = "libc++";
				CLANG_ENABLE_MODULES = YES;
				CLANG_ENABLE_OBJC_ARC = YES;
				CLANG_WARN_BOOL_CONVERSION = YES;
				CLANG_WARN_CONSTANT_CONVERSION = YES;
				CLANG_WARN_DIRECT_OBJC_ISA_USAGE = YES_ERROR;
				CLANG_WARN_EMPTY_BODY = YES;
				CLANG_WARN_ENUM_CONVERSION = YES;
				CLANG_WARN_INT_CONVERSION = YES;
				CLANG_WARN_OBJC_ROOT_CLASS = YES_ERROR;
				CLANG_WARN_UNREACHABLE_CODE = YES;
				CLANG_WARN__DUPLICATE_METHOD_MATCH = YES;
				"CODE_SIGN_IDENTITY[sdk=iphoneos*]" = "iPhone Developer";
				COPY_PHASE_STRIP = NO;
				DEBUG_INFORMATION_FORMAT = dwarf;
				ENABLE_STRICT_OBJC_MSGSEND = YES;
				ENABLE_TESTABILITY = YES;
				GCC_C_LANGUAGE_STANDARD = gnu99;
				GCC_DYNAMIC_NO_PIC = NO;
				GCC_NO_COMMON_BLOCKS = YES;
				GCC_OPTIMIZATION_LEVEL = 0;
				GCC_PREPROCESSOR_DEFINITIONS = (
					"DEBUG=1",
					"$(inherited)",
				);
				GCC_WARN_64_TO_32_BIT_CONVERSION = YES;
				GCC_WARN_ABOUT_RETURN_TYPE = YES_ERROR;
				GCC_WARN_UNDECLARED_SELECTOR = YES;
				GCC_WARN_UNINITIALIZED_AUTOS = YES_AGGRESSIVE;
				GCC_WARN_UNUSED_FUNCTION = YES;
				GCC_WARN_UNUSED_VARIABLE = YES;
				IPHONEOS_DEPLOYMENT_TARGET = 9.3;
				MTL_ENABLE_DEBUG_INFO = YES;
				ONLY_ACTIVE_ARCH = YES;
				SDKROOT = iphoneos;
				SWIFT_OPTIMIZATION_LEVEL = "-Onone";
				TARGETED_DEVICE_FAMILY = "1,2";
			};
			name = Debug;
		};
		459B5F951D0310740081D8FF /* Release */ = {
			isa = XCBuildConfiguration;
			buildSettings = {
				ALWAYS_SEARCH_USER_PATHS = NO;
				CLANG_ANALYZER_NONNULL = YES;
				CLANG_CXX_LANGUAGE_STANDARD = "gnu++0x";
				CLANG_CXX_LIBRARY = "libc++";
				CLANG_ENABLE_MODULES = YES;
				CLANG_ENABLE_OBJC_ARC = YES;
				CLANG_WARN_BOOL_CONVERSION = YES;
				CLANG_WARN_CONSTANT_CONVERSION = YES;
				CLANG_WARN_DIRECT_OBJC_ISA_USAGE = YES_ERROR;
				CLANG_WARN_EMPTY_BODY = YES;
				CLANG_WARN_ENUM_CONVERSION = YES;
				CLANG_WARN_INT_CONVERSION = YES;
				CLANG_WARN_OBJC_ROOT_CLASS = YES_ERROR;
				CLANG_WARN_UNREACHABLE_CODE = YES;
				CLANG_WARN__DUPLICATE_METHOD_MATCH = YES;
				"CODE_SIGN_IDENTITY[sdk=iphoneos*]" = "iPhone Developer";
				COPY_PHASE_STRIP = NO;
				DEBUG_INFORMATION_FORMAT = "dwarf-with-dsym";
				ENABLE_NS_ASSERTIONS = NO;
				ENABLE_STRICT_OBJC_MSGSEND = YES;
				GCC_C_LANGUAGE_STANDARD = gnu99;
				GCC_NO_COMMON_BLOCKS = YES;
				GCC_WARN_64_TO_32_BIT_CONVERSION = YES;
				GCC_WARN_ABOUT_RETURN_TYPE = YES_ERROR;
				GCC_WARN_UNDECLARED_SELECTOR = YES;
				GCC_WARN_UNINITIALIZED_AUTOS = YES_AGGRESSIVE;
				GCC_WARN_UNUSED_FUNCTION = YES;
				GCC_WARN_UNUSED_VARIABLE = YES;
				IPHONEOS_DEPLOYMENT_TARGET = 9.3;
				MTL_ENABLE_DEBUG_INFO = NO;
				SDKROOT = iphoneos;
				TARGETED_DEVICE_FAMILY = "1,2";
				VALIDATE_PRODUCT = YES;
			};
			name = Release;
		};
		459B5F971D0310740081D8FF /* Debug */ = {
			isa = XCBuildConfiguration;
			buildSettings = {
				ASSETCATALOG_COMPILER_APPICON_NAME = AppIcon;
				CODE_SIGN_IDENTITY = "iPhone Developer";
				EMBEDDED_CONTENT_CONTAINS_SWIFT = YES;
				INFOPLIST_FILE = CratesIOCatalogue3/Info.plist;
				IPHONEOS_DEPLOYMENT_TARGET = 8.1;
				LD_RUNPATH_SEARCH_PATHS = "$(inherited) @executable_path/Frameworks";
				PRODUCT_BUNDLE_IDENTIFIER = Eonil.CratesIOCatalogue;
				PRODUCT_NAME = "$(TARGET_NAME)";
			};
			name = Debug;
		};
		459B5F981D0310740081D8FF /* Release */ = {
			isa = XCBuildConfiguration;
			buildSettings = {
				ASSETCATALOG_COMPILER_APPICON_NAME = AppIcon;
				CODE_SIGN_IDENTITY = "iPhone Developer";
				EMBEDDED_CONTENT_CONTAINS_SWIFT = YES;
				INFOPLIST_FILE = CratesIOCatalogue3/Info.plist;
				IPHONEOS_DEPLOYMENT_TARGET = 8.1;
				LD_RUNPATH_SEARCH_PATHS = "$(inherited) @executable_path/Frameworks";
				PRODUCT_BUNDLE_IDENTIFIER = Eonil.CratesIOCatalogue;
				PRODUCT_NAME = "$(TARGET_NAME)";
			};
			name = Release;
		};
/* End XCBuildConfiguration section */

/* Begin XCConfigurationList section */
		459B5F7F1D0310730081D8FF /* Build configuration list for PBXProject "CratesIOCatalogue3" */ = {
			isa = XCConfigurationList;
			buildConfigurations = (
				459B5F941D0310740081D8FF /* Debug */,
				459B5F951D0310740081D8FF /* Release */,
			);
			defaultConfigurationIsVisible = 0;
			defaultConfigurationName = Release;
		};
		459B5F961D0310740081D8FF /* Build configuration list for PBXNativeTarget "CratesIOCatalogue3" */ = {
			isa = XCConfigurationList;
			buildConfigurations = (
				459B5F971D0310740081D8FF /* Debug */,
				459B5F981D0310740081D8FF /* Release */,
			);
			defaultConfigurationIsVisible = 0;
			defaultConfigurationName = Release;
		};
/* End XCConfigurationList section */
	};
	rootObject = 459B5F7C1D0310730081D8FF /* Project object */;
}
